
Microsoft Visual Studio Solution File, Format Version 12.00
# Visual Studio Version 17
VisualStudioVersion = 17.14.37314.3 d17.14
MinimumVisualStudioVersion = 10.0.40219.1
Project("{FAE04EC0-301F-11D3-BF4B-00C04F79EFBC}") = "EUTagorszagokKonzol", "EUTagorszagokKonzol\EUTagorszagokKonzol.csproj", "{1A1D4DBE-F685-4034-B101-93FEF4D58634}"
EndProject
Project("{FAE04EC0-301F-11D3-BF4B-00C04F79EFBC}") = "EUTagorszagokWinForm", "EUTagorszagokWinForm\EUTagorszagokWinForm.csproj", "{A0D7095C-6892-4690-A99F-4C647C70285A}"
EndProject
Global
	GlobalSection(SolutionConfigurationPlatforms) = preSolution
		Debug|Any CPU = Debug|Any CPU
		Release|Any CPU = Release|Any CPU
	EndGlobalSection
	GlobalSection(ProjectConfigurationPlatforms) = postSolution
		{1A1D4DBE-F685-4034-B101-93FEF4D58634}.Debug|Any CPU.ActiveCfg = Debug|Any CPU
		{1A1D4DBE-F685-4034-B101-93FEF4D58634}.Debug|Any CPU.Build.0 = Debug|Any CPU
		{1A1D4DBE-F685-4034-B101-93FEF4D58634}.Release|Any CPU.ActiveCfg = Release|Any CPU
		{1A1D4DBE-F685-4034-B101-93FEF4D58634}.Release|Any CPU.Build.0 = Release|Any CPU
		{A0D7095C-6892-4690-A99F-4C647C70285A}.Debug|Any CPU.ActiveCfg = Debug|Any CPU
		{A0D7095C-6892-4690-A99F-4C647C70285A}.Debug|Any CPU.Build.0 = Debug|Any CPU
		{A0D7095C-6892-4690-A99F-4C647C70285A}.Release|Any CPU.ActiveCfg = Release|Any CPU
		{A0D7095C-6892-4690-A99F-4C647C70285A}.Release|Any CPU.Build.0 = Release|Any CPU
	EndGlobalSection
	GlobalSection(SolutionProperties) = preSolution
		HideSolutionNode = FALSE
	EndGlobalSection
	GlobalSection(ExtensibilityGlobals) = postSolution
		SolutionGuid = {91B3F040-D2C6-42A6-AFA7-D4EE213B9327}
	EndGlobalSection
EndGlobal
