
Microsoft Visual Studio Solution File, Format Version 12.00
# Visual Studio Version 17
VisualStudioVersion = 17.14.37314.3 d17.14
MinimumVisualStudioVersion = 10.0.40219.1
Project("{FAE04EC0-301F-11D3-BF4B-00C04F79EFBC}") = "teszt", "teszt\teszt.csproj", "{72B82AF1-5D30-4442-AEE6-73DDD87B3C37}"
EndProject
Global
	GlobalSection(SolutionConfigurationPlatforms) = preSolution
		Debug|Any CPU = Debug|Any CPU
		Release|Any CPU = Release|Any CPU
	EndGlobalSection
	GlobalSection(ProjectConfigurationPlatforms) = postSolution
		{72B82AF1-5D30-4442-AEE6-73DDD87B3C37}.Debug|Any CPU.ActiveCfg = Debug|Any CPU
		{72B82AF1-5D30-4442-AEE6-73DDD87B3C37}.Debug|Any CPU.Build.0 = Debug|Any CPU
		{72B82AF1-5D30-4442-AEE6-73DDD87B3C37}.Release|Any CPU.ActiveCfg = Release|Any CPU
		{72B82AF1-5D30-4442-AEE6-73DDD87B3C37}.Release|Any CPU.Build.0 = Release|Any CPU
	EndGlobalSection
	GlobalSection(SolutionProperties) = preSolution
		HideSolutionNode = FALSE
	EndGlobalSection
	GlobalSection(ExtensibilityGlobals) = postSolution
		SolutionGuid = {3D022F89-23AA-4188-9027-7729AA7C1AA2}
	EndGlobalSection
EndGlobal
